
Microsoft Visual Studio Solution File, Format Version 12.00
# Visual Studio Version 16
VisualStudioVersion = 16.0.808.4
MinimumVisualStudioVersion = 10.0.40219.1
Project("{FAE04EC0-301F-11D3-BF4B-00C04F79EFBC}") = "sart1", "sart1\sart1.csproj", "{87D55CB5-4DE6-4355-A8B2-56B37A144B93}"
EndProject
Global
	GlobalSection(SolutionConfigurationPlatforms) = preSolution
		Debug|Any CPU = Debug|Any CPU
		Release|Any CPU = Release|Any CPU
	EndGlobalSection
	GlobalSection(ProjectConfigurationPlatforms) = postSolution
		{87D55CB5-4DE6-4355-A8B2-56B37A144B93}.Debug|Any CPU.ActiveCfg = Debug|Any CPU
		{87D55CB5-4DE6-4355-A8B2-56B37A144B93}.Debug|Any CPU.Build.0 = Debug|Any CPU
		{87D55CB5-4DE6-4355-A8B2-56B37A144B93}.Release|Any CPU.ActiveCfg = Release|Any CPU
		{87D55CB5-4DE6-4355-A8B2-56B37A144B93}.Release|Any CPU.Build.0 = Release|Any CPU
	EndGlobalSection
	GlobalSection(SolutionProperties) = preSolution
		HideSolutionNode = FALSE
	EndGlobalSection
	GlobalSection(ExtensibilityGlobals) = postSolution
		SolutionGuid = {C1AF8F8E-CBE9-4C00-9DA6-7CCF436476F9}
	EndGlobalSection
EndGlobal
